
Microsoft Visual Studio Solution File, Format Version 12.00
# Visual Studio Version 16
VisualStudioVersion = 16.0.32510.428
MinimumVisualStudioVersion = 10.0.40219.1
Project("{8BC9CEB8-8B4A-11D0-8D11-00A0C91BC942}") = "internal", "internal\internal.vcxproj", "{C80FC1EC-D3F7-48C6-8862-589A1D744EA4}"
EndProject
Global
	GlobalSection(SolutionConfigurationPlatforms) = preSolution
		Debug|x64 = Debug|x64
		Debug|x86 = Debug|x86
		Release|x64 = Release|x64
		Release|x86 = Release|x86
	EndGlobalSection
	GlobalSection(ProjectConfigurationPlatforms) = postSolution
		{C80FC1EC-D3F7-48C6-8862-589A1D744EA4}.Debug|x64.ActiveCfg = Debug|x64
		{C80FC1EC-D3F7-48C6-8862-589A1D744EA4}.Debug|x64.Build.0 = Debug|x64
		{C80FC1EC-D3F7-48C6-8862-589A1D744EA4}.Debug|x86.ActiveCfg = Debug|Win32
		{C80FC1EC-D3F7-48C6-8862-589A1D744EA4}.Debug|x86.Build.0 = Debug|Win32
		{C80FC1EC-D3F7-48C6-8862-589A1D744EA4}.Release|x64.ActiveCfg = Release|x64
		{C80FC1EC-D3F7-48C6-8862-589A1D744EA4}.Release|x64.Build.0 = Release|x64
		{C80FC1EC-D3F7-48C6-8862-589A1D744EA4}.Release|x86.ActiveCfg = Release|Win32
		{C80FC1EC-D3F7-48C6-8862-589A1D744EA4}.Release|x86.Build.0 = Release|Win32
	EndGlobalSection
	GlobalSection(SolutionProperties) = preSolution
		HideSolutionNode = FALSE
	EndGlobalSection
	GlobalSection(ExtensibilityGlobals) = postSolution
		SolutionGuid = {0151868E-A956-42F6-A045-1882F63F6F2D}
	EndGlobalSection
EndGlobal
